
Microsoft Visual Studio Solution File, Format Version 12.00
# Visual Studio 15
VisualStudioVersion = 15.0.27004.2009
MinimumVisualStudioVersion = 10.0.40219.1
Project("{8BC9CEB8-8B4A-11D0-8D11-00A0C91BC942}") = "HelloWorld", "HelloWorld\HelloWorld.vcxproj", "{19A5C2BF-6CBD-4032-BD87-CFD9FD872CE3}"
EndProject
Project("{2150E333-8FDC-42A3-9474-1A3956D46DE8}") = "1", "1", "{B8E7FAB1-A56A-4B27-B4A2-D31BBB47CEC4}"
EndProject
Project("{8BC9CEB8-8B4A-11D0-8D11-00A0C91BC942}") = "A+B", "A+B\A+B.vcxproj", "{E069DB58-9424-41A6-AFA0-04AC4B3717B7}"
EndProject
Project("{8BC9CEB8-8B4A-11D0-8D11-00A0C91BC942}") = "A-B", "A-B\A-B.vcxproj", "{3C371583-A5D3-4F5C-8675-CB0953E53F03}"
EndProject
Global
	GlobalSection(SolutionConfigurationPlatforms) = preSolution
		Debug|x64 = Debug|x64
		Debug|x86 = Debug|x86
		Release|x64 = Release|x64
		Release|x86 = Release|x86
	EndGlobalSection
	GlobalSection(ProjectConfigurationPlatforms) = postSolution
		{19A5C2BF-6CBD-4032-BD87-CFD9FD872CE3}.Debug|x64.ActiveCfg = Debug|x64
		{19A5C2BF-6CBD-4032-BD87-CFD9FD872CE3}.Debug|x64.Build.0 = Debug|x64
		{19A5C2BF-6CBD-4032-BD87-CFD9FD872CE3}.Debug|x86.ActiveCfg = Debug|Win32
		{19A5C2BF-6CBD-4032-BD87-CFD9FD872CE3}.Debug|x86.Build.0 = Debug|Win32
		{19A5C2BF-6CBD-4032-BD87-CFD9FD872CE3}.Release|x64.ActiveCfg = Release|x64
		{19A5C2BF-6CBD-4032-BD87-CFD9FD872CE3}.Release|x64.Build.0 = Release|x64
		{19A5C2BF-6CBD-4032-BD87-CFD9FD872CE3}.Release|x86.ActiveCfg = Release|Win32
		{19A5C2BF-6CBD-4032-BD87-CFD9FD872CE3}.Release|x86.Build.0 = Release|Win32
		{E069DB58-9424-41A6-AFA0-04AC4B3717B7}.Debug|x64.ActiveCfg = Debug|x64
		{E069DB58-9424-41A6-AFA0-04AC4B3717B7}.Debug|x64.Build.0 = Debug|x64
		{E069DB58-9424-41A6-AFA0-04AC4B3717B7}.Debug|x86.ActiveCfg = Debug|Win32
		{E069DB58-9424-41A6-AFA0-04AC4B3717B7}.Debug|x86.Build.0 = Debug|Win32
		{E069DB58-9424-41A6-AFA0-04AC4B3717B7}.Release|x64.ActiveCfg = Release|x64
		{E069DB58-9424-41A6-AFA0-04AC4B3717B7}.Release|x64.Build.0 = Release|x64
		{E069DB58-9424-41A6-AFA0-04AC4B3717B7}.Release|x86.ActiveCfg = Release|Win32
		{E069DB58-9424-41A6-AFA0-04AC4B3717B7}.Release|x86.Build.0 = Release|Win32
		{3C371583-A5D3-4F5C-8675-CB0953E53F03}.Debug|x64.ActiveCfg = Debug|x64
		{3C371583-A5D3-4F5C-8675-CB0953E53F03}.Debug|x64.Build.0 = Debug|x64
		{3C371583-A5D3-4F5C-8675-CB0953E53F03}.Debug|x86.ActiveCfg = Debug|Win32
		{3C371583-A5D3-4F5C-8675-CB0953E53F03}.Debug|x86.Build.0 = Debug|Win32
		{3C371583-A5D3-4F5C-8675-CB0953E53F03}.Release|x64.ActiveCfg = Release|x64
		{3C371583-A5D3-4F5C-8675-CB0953E53F03}.Release|x64.Build.0 = Release|x64
		{3C371583-A5D3-4F5C-8675-CB0953E53F03}.Release|x86.ActiveCfg = Release|Win32
		{3C371583-A5D3-4F5C-8675-CB0953E53F03}.Release|x86.Build.0 = Release|Win32
	EndGlobalSection
	GlobalSection(SolutionProperties) = preSolution
		HideSolutionNode = FALSE
	EndGlobalSection
	GlobalSection(NestedProjects) = preSolution
		{19A5C2BF-6CBD-4032-BD87-CFD9FD872CE3} = {B8E7FAB1-A56A-4B27-B4A2-D31BBB47CEC4}
		{E069DB58-9424-41A6-AFA0-04AC4B3717B7} = {B8E7FAB1-A56A-4B27-B4A2-D31BBB47CEC4}
		{3C371583-A5D3-4F5C-8675-CB0953E53F03} = {B8E7FAB1-A56A-4B27-B4A2-D31BBB47CEC4}
	EndGlobalSection
	GlobalSection(ExtensibilityGlobals) = postSolution
		SolutionGuid = {496BA98B-701B-452D-BF0A-B0BD25B7C685}
	EndGlobalSection
EndGlobal
