
Microsoft Visual Studio Solution File, Format Version 12.00
# Visual Studio 15
VisualStudioVersion = 15.0.27004.2006
MinimumVisualStudioVersion = 10.0.40219.1
Project("{8BC9CEB8-8B4A-11D0-8D11-00A0C91BC942}") = "HelloWorld", "HelloWorld\HelloWorld.vcxproj", "{19A5C2BF-6CBD-4032-BD87-CFD9FD872CE3}"
EndProject
Project("{2150E333-8FDC-42A3-9474-1A3956D46DE8}") = "1", "1", "{B8E7FAB1-A56A-4B27-B4A2-D31BBB47CEC4}"
EndProject
Project("{8BC9CEB8-8B4A-11D0-8D11-00A0C91BC942}") = "A+B", "A+B\A+B.vcxproj", "{E069DB58-9424-41A6-AFA0-04AC4B3717B7}"
EndProject
Project("{8BC9CEB8-8B4A-11D0-8D11-00A0C91BC942}") = "A-B", "A-B\A-B.vcxproj", "{3C371583-A5D3-4F5C-8675-CB0953E53F03}"
EndProject
Project("{8BC9CEB8-8B4A-11D0-8D11-00A0C91BC942}") = "Enrollment", "Enrollment\Enrollment.vcxproj", "{815A5CD6-E618-479F-B973-00087C774CF0}"
EndProject
Project("{8BC9CEB8-8B4A-11D0-8D11-00A0C91BC942}") = "Dog", "Dog\Dog.vcxproj", "{5AB79E93-FF76-4CA9-B603-EB379B798BA5}"
EndProject
Project("{8BC9CEB8-8B4A-11D0-8D11-00A0C91BC942}") = "We_love_kriii", "We_love_kriii\We_love_kriii.vcxproj", "{8935C625-7B34-403D-B946-F27B2771CEE9}"
EndProject
Project("{8BC9CEB8-8B4A-11D0-8D11-00A0C91BC942}") = "Output_as_it_is", "Output_as_it_is\Output_as_it_is.vcxproj", "{59D9E98B-9D18-4943-9E6E-DEF7D1BA544A}"
EndProject
Project("{8BC9CEB8-8B4A-11D0-8D11-00A0C91BC942}") = "DFSBFS", "DFSBFS\DFSBFS.vcxproj", "{14B58C21-6F83-42CF-915A-15BB2C842045}"
EndProject
Project("{8BC9CEB8-8B4A-11D0-8D11-00A0C91BC942}") = "Explorethemaze", "Explorethemaze\Explorethemaze.vcxproj", "{79ACFAF6-E0BC-4FC5-BB30-79ECB95F03E1}"
EndProject
Project("{8BC9CEB8-8B4A-11D0-8D11-00A0C91BC942}") = "NumberingComplex", "NumberingComplex\NumberingComplex.vcxproj", "{EAFB7027-A859-4E54-A182-B9C17CA557B7}"
EndProject
Project("{8BC9CEB8-8B4A-11D0-8D11-00A0C91BC942}") = "FindNumber", "FindNumber\FindNumber.vcxproj", "{69DC5F5B-FAEF-4B22-8588-BFBAF75F1A6D}"
EndProject
Project("{8BC9CEB8-8B4A-11D0-8D11-00A0C91BC942}") = "NumberCard", "NumberCard\NumberCard.vcxproj", "{B65C6564-EE2A-44D2-AC8A-C6AD0ECDB4BD}"
EndProject
Project("{8BC9CEB8-8B4A-11D0-8D11-00A0C91BC942}") = "Ouput_as_it_is_2", "Ouput_as_it_is_2\Ouput_as_it_is_2.vcxproj", "{C74E48F8-9147-405D-95B3-256B7E12EC74}"
EndProject
Project("{8BC9CEB8-8B4A-11D0-8D11-00A0C91BC942}") = "Tomato", "Tomato\Tomato.vcxproj", "{A6FBA3CB-75C6-460A-A4FD-AA76D595EC72}"
EndProject
Project("{8BC9CEB8-8B4A-11D0-8D11-00A0C91BC942}") = "Tomato2", "Tomato2\Tomato2.vcxproj", "{B129D3F8-9236-41B3-8649-AC62D7CA3602}"
EndProject
Project("{8BC9CEB8-8B4A-11D0-8D11-00A0C91BC942}") = "Stack", "Stack\Stack.vcxproj", "{D96C0242-1017-4162-982D-2032CFC1ED81}"
EndProject
Project("{8BC9CEB8-8B4A-11D0-8D11-00A0C91BC942}") = "Queue", "Queue\Queue.vcxproj", "{9C242534-4409-476F-85D4-2AA8EDD258FF}"
EndProject
Project("{8BC9CEB8-8B4A-11D0-8D11-00A0C91BC942}") = "NumOfWords", "NumOfWords\NumOfWords.vcxproj", "{1A043B6D-CEE6-410D-9C23-3B2DDCBC05BB}"
EndProject
Project("{8BC9CEB8-8B4A-11D0-8D11-00A0C91BC942}") = "PrintStar_1", "PrintStar_1\PrintStar_1.vcxproj", "{B5AB6BE9-346E-4A84-B7E8-7715699BCBDC}"
EndProject
Project("{8BC9CEB8-8B4A-11D0-8D11-00A0C91BC942}") = "PrintStar_2", "PrintStar_2\PrintStar_2.vcxproj", "{8C8105A1-021F-43E0-93CF-0E85D72E059C}"
EndProject
Project("{8BC9CEB8-8B4A-11D0-8D11-00A0C91BC942}") = "Year2007", "Year2007\Year2007.vcxproj", "{BA52872B-30B9-47C5-BE9A-3F335BAE97C4}"
EndProject
Project("{8BC9CEB8-8B4A-11D0-8D11-00A0C91BC942}") = "Deque", "Deque\Deque.vcxproj", "{436E680F-17CB-4598-BDE4-CFF2579E119F}"
EndProject
Project("{8BC9CEB8-8B4A-11D0-8D11-00A0C91BC942}") = "PrintStar_3", "PrintStar_3\PrintStar_3.vcxproj", "{39B31832-6512-47EF-BC61-CA30E1D3E631}"
EndProject
Project("{8BC9CEB8-8B4A-11D0-8D11-00A0C91BC942}") = "PrintStar_4", "PrintStar_4\PrintStar_4.vcxproj", "{A4CE86E5-F8DA-465A-8A64-9A9A61440E2D}"
EndProject
Project("{8BC9CEB8-8B4A-11D0-8D11-00A0C91BC942}") = "Padoban", "Padoban\Padoban.vcxproj", "{012D44CC-AB2C-470D-A577-3B1DC01BB9D1}"
EndProject
Project("{8BC9CEB8-8B4A-11D0-8D11-00A0C91BC942}") = "FibonacciGetZeroOne", "FibonacciGetZeroOne\FibonacciGetZeroOne.vcxproj", "{478AC6F8-743A-4E8C-9350-D98B77FA3514}"
EndProject
Project("{8BC9CEB8-8B4A-11D0-8D11-00A0C91BC942}") = "RGBStreet", "RGBStreet\RGBStreet.vcxproj", "{51DA4E96-C04D-43BB-92F2-45963D420F9E}"
EndProject
Project("{8BC9CEB8-8B4A-11D0-8D11-00A0C91BC942}") = "NumberTriangle", "NumberTriangle\NumberTriangle.vcxproj", "{B0CAE68B-51F6-4C06-BDBD-EF89CD6EC4EC}"
EndProject
Project("{8BC9CEB8-8B4A-11D0-8D11-00A0C91BC942}") = "ClimbingStairs", "ClimbingStairs\ClimbingStairs.vcxproj", "{8D4C551F-68D6-4D17-8E06-20839A7E6EFF}"
EndProject
Project("{8BC9CEB8-8B4A-11D0-8D11-00A0C91BC942}") = "MakeItOne", "MakeItOne\MakeItOne.vcxproj", "{038C736F-E061-4357-82D4-B648B2FA35F3}"
EndProject
Project("{8BC9CEB8-8B4A-11D0-8D11-00A0C91BC942}") = "OneTwoThreePlus", "OneTwoThreePlus\OneTwoThreePlus.vcxproj", "{5A19A360-1D99-42D9-95B6-3B56A1A2C3E4}"
EndProject
Project("{8BC9CEB8-8B4A-11D0-8D11-00A0C91BC942}") = "PinaryNumber", "PinaryNumber\PinaryNumber.vcxproj", "{6DB5E615-F465-4439-B608-9B11B42DA74E}"
EndProject
Project("{8BC9CEB8-8B4A-11D0-8D11-00A0C91BC942}") = "Cat", "Cat\Cat.vcxproj", "{B1C09BA8-5977-4D79-AC2E-B9F43E90FED3}"
EndProject
Project("{8BC9CEB8-8B4A-11D0-8D11-00A0C91BC942}") = "1008", "1008\1008.vcxproj", "{551D5ABD-8FDD-442E-BFBC-FE504175EDA2}"
EndProject
Project("{8BC9CEB8-8B4A-11D0-8D11-00A0C91BC942}") = "10998", "10998\10998.vcxproj", "{86992E7E-C310-4205-A4C0-16008D1F62A2}"
EndProject
Project("{8BC9CEB8-8B4A-11D0-8D11-00A0C91BC942}") = "10869", "10869\10869.vcxproj", "{FDD2DFE9-E3A9-4ED9-8D90-70AE1585AB84}"
EndProject
Project("{8BC9CEB8-8B4A-11D0-8D11-00A0C91BC942}") = "10430", "10430\10430.vcxproj", "{646AEDE5-18B7-4630-B2C8-316EBAFB7815}"
EndProject
Project("{8BC9CEB8-8B4A-11D0-8D11-00A0C91BC942}") = "2588", "2588\2588.vcxproj", "{92B52A59-8C97-4DBC-AA5A-BAABD9E67D7A}"
EndProject
Project("{8BC9CEB8-8B4A-11D0-8D11-00A0C91BC942}") = "2750", "2750\2750.vcxproj", "{D4407DDE-F4C1-411D-85C9-0E9BFA64D145}"
EndProject
Global
	GlobalSection(SolutionConfigurationPlatforms) = preSolution
		Debug|x64 = Debug|x64
		Debug|x86 = Debug|x86
		Release|x64 = Release|x64
		Release|x86 = Release|x86
	EndGlobalSection
	GlobalSection(ProjectConfigurationPlatforms) = postSolution
		{19A5C2BF-6CBD-4032-BD87-CFD9FD872CE3}.Debug|x64.ActiveCfg = Debug|x64
		{19A5C2BF-6CBD-4032-BD87-CFD9FD872CE3}.Debug|x64.Build.0 = Debug|x64
		{19A5C2BF-6CBD-4032-BD87-CFD9FD872CE3}.Debug|x86.ActiveCfg = Debug|Win32
		{19A5C2BF-6CBD-4032-BD87-CFD9FD872CE3}.Debug|x86.Build.0 = Debug|Win32
		{19A5C2BF-6CBD-4032-BD87-CFD9FD872CE3}.Release|x64.ActiveCfg = Release|x64
		{19A5C2BF-6CBD-4032-BD87-CFD9FD872CE3}.Release|x64.Build.0 = Release|x64
		{19A5C2BF-6CBD-4032-BD87-CFD9FD872CE3}.Release|x86.ActiveCfg = Release|Win32
		{19A5C2BF-6CBD-4032-BD87-CFD9FD872CE3}.Release|x86.Build.0 = Release|Win32
		{E069DB58-9424-41A6-AFA0-04AC4B3717B7}.Debug|x64.ActiveCfg = Debug|x64
		{E069DB58-9424-41A6-AFA0-04AC4B3717B7}.Debug|x64.Build.0 = Debug|x64
		{E069DB58-9424-41A6-AFA0-04AC4B3717B7}.Debug|x86.ActiveCfg = Debug|Win32
		{E069DB58-9424-41A6-AFA0-04AC4B3717B7}.Debug|x86.Build.0 = Debug|Win32
		{E069DB58-9424-41A6-AFA0-04AC4B3717B7}.Release|x64.ActiveCfg = Release|x64
		{E069DB58-9424-41A6-AFA0-04AC4B3717B7}.Release|x64.Build.0 = Release|x64
		{E069DB58-9424-41A6-AFA0-04AC4B3717B7}.Release|x86.ActiveCfg = Release|Win32
		{E069DB58-9424-41A6-AFA0-04AC4B3717B7}.Release|x86.Build.0 = Release|Win32
		{3C371583-A5D3-4F5C-8675-CB0953E53F03}.Debug|x64.ActiveCfg = Debug|x64
		{3C371583-A5D3-4F5C-8675-CB0953E53F03}.Debug|x64.Build.0 = Debug|x64
		{3C371583-A5D3-4F5C-8675-CB0953E53F03}.Debug|x86.ActiveCfg = Debug|Win32
		{3C371583-A5D3-4F5C-8675-CB0953E53F03}.Debug|x86.Build.0 = Debug|Win32
		{3C371583-A5D3-4F5C-8675-CB0953E53F03}.Release|x64.ActiveCfg = Release|x64
		{3C371583-A5D3-4F5C-8675-CB0953E53F03}.Release|x64.Build.0 = Release|x64
		{3C371583-A5D3-4F5C-8675-CB0953E53F03}.Release|x86.ActiveCfg = Release|Win32
		{3C371583-A5D3-4F5C-8675-CB0953E53F03}.Release|x86.Build.0 = Release|Win32
		{815A5CD6-E618-479F-B973-00087C774CF0}.Debug|x64.ActiveCfg = Debug|x64
		{815A5CD6-E618-479F-B973-00087C774CF0}.Debug|x64.Build.0 = Debug|x64
		{815A5CD6-E618-479F-B973-00087C774CF0}.Debug|x86.ActiveCfg = Debug|Win32
		{815A5CD6-E618-479F-B973-00087C774CF0}.Debug|x86.Build.0 = Debug|Win32
		{815A5CD6-E618-479F-B973-00087C774CF0}.Release|x64.ActiveCfg = Release|x64
		{815A5CD6-E618-479F-B973-00087C774CF0}.Release|x64.Build.0 = Release|x64
		{815A5CD6-E618-479F-B973-00087C774CF0}.Release|x86.ActiveCfg = Release|Win32
		{815A5CD6-E618-479F-B973-00087C774CF0}.Release|x86.Build.0 = Release|Win32
		{5AB79E93-FF76-4CA9-B603-EB379B798BA5}.Debug|x64.ActiveCfg = Debug|x64
		{5AB79E93-FF76-4CA9-B603-EB379B798BA5}.Debug|x64.Build.0 = Debug|x64
		{5AB79E93-FF76-4CA9-B603-EB379B798BA5}.Debug|x86.ActiveCfg = Debug|Win32
		{5AB79E93-FF76-4CA9-B603-EB379B798BA5}.Debug|x86.Build.0 = Debug|Win32
		{5AB79E93-FF76-4CA9-B603-EB379B798BA5}.Release|x64.ActiveCfg = Release|x64
		{5AB79E93-FF76-4CA9-B603-EB379B798BA5}.Release|x64.Build.0 = Release|x64
		{5AB79E93-FF76-4CA9-B603-EB379B798BA5}.Release|x86.ActiveCfg = Release|Win32
		{5AB79E93-FF76-4CA9-B603-EB379B798BA5}.Release|x86.Build.0 = Release|Win32
		{8935C625-7B34-403D-B946-F27B2771CEE9}.Debug|x64.ActiveCfg = Debug|x64
		{8935C625-7B34-403D-B946-F27B2771CEE9}.Debug|x64.Build.0 = Debug|x64
		{8935C625-7B34-403D-B946-F27B2771CEE9}.Debug|x86.ActiveCfg = Debug|Win32
		{8935C625-7B34-403D-B946-F27B2771CEE9}.Debug|x86.Build.0 = Debug|Win32
		{8935C625-7B34-403D-B946-F27B2771CEE9}.Release|x64.ActiveCfg = Release|x64
		{8935C625-7B34-403D-B946-F27B2771CEE9}.Release|x64.Build.0 = Release|x64
		{8935C625-7B34-403D-B946-F27B2771CEE9}.Release|x86.ActiveCfg = Release|Win32
		{8935C625-7B34-403D-B946-F27B2771CEE9}.Release|x86.Build.0 = Release|Win32
		{59D9E98B-9D18-4943-9E6E-DEF7D1BA544A}.Debug|x64.ActiveCfg = Debug|x64
		{59D9E98B-9D18-4943-9E6E-DEF7D1BA544A}.Debug|x64.Build.0 = Debug|x64
		{59D9E98B-9D18-4943-9E6E-DEF7D1BA544A}.Debug|x86.ActiveCfg = Debug|Win32
		{59D9E98B-9D18-4943-9E6E-DEF7D1BA544A}.Debug|x86.Build.0 = Debug|Win32
		{59D9E98B-9D18-4943-9E6E-DEF7D1BA544A}.Release|x64.ActiveCfg = Release|x64
		{59D9E98B-9D18-4943-9E6E-DEF7D1BA544A}.Release|x64.Build.0 = Release|x64
		{59D9E98B-9D18-4943-9E6E-DEF7D1BA544A}.Release|x86.ActiveCfg = Release|Win32
		{59D9E98B-9D18-4943-9E6E-DEF7D1BA544A}.Release|x86.Build.0 = Release|Win32
		{14B58C21-6F83-42CF-915A-15BB2C842045}.Debug|x64.ActiveCfg = Debug|x64
		{14B58C21-6F83-42CF-915A-15BB2C842045}.Debug|x64.Build.0 = Debug|x64
		{14B58C21-6F83-42CF-915A-15BB2C842045}.Debug|x86.ActiveCfg = Debug|Win32
		{14B58C21-6F83-42CF-915A-15BB2C842045}.Debug|x86.Build.0 = Debug|Win32
		{14B58C21-6F83-42CF-915A-15BB2C842045}.Release|x64.ActiveCfg = Release|x64
		{14B58C21-6F83-42CF-915A-15BB2C842045}.Release|x64.Build.0 = Release|x64
		{14B58C21-6F83-42CF-915A-15BB2C842045}.Release|x86.ActiveCfg = Release|Win32
		{14B58C21-6F83-42CF-915A-15BB2C842045}.Release|x86.Build.0 = Release|Win32
		{79ACFAF6-E0BC-4FC5-BB30-79ECB95F03E1}.Debug|x64.ActiveCfg = Debug|x64
		{79ACFAF6-E0BC-4FC5-BB30-79ECB95F03E1}.Debug|x64.Build.0 = Debug|x64
		{79ACFAF6-E0BC-4FC5-BB30-79ECB95F03E1}.Debug|x86.ActiveCfg = Debug|Win32
		{79ACFAF6-E0BC-4FC5-BB30-79ECB95F03E1}.Debug|x86.Build.0 = Debug|Win32
		{79ACFAF6-E0BC-4FC5-BB30-79ECB95F03E1}.Release|x64.ActiveCfg = Release|x64
		{79ACFAF6-E0BC-4FC5-BB30-79ECB95F03E1}.Release|x64.Build.0 = Release|x64
		{79ACFAF6-E0BC-4FC5-BB30-79ECB95F03E1}.Release|x86.ActiveCfg = Release|Win32
		{79ACFAF6-E0BC-4FC5-BB30-79ECB95F03E1}.Release|x86.Build.0 = Release|Win32
		{EAFB7027-A859-4E54-A182-B9C17CA557B7}.Debug|x64.ActiveCfg = Debug|x64
		{EAFB7027-A859-4E54-A182-B9C17CA557B7}.Debug|x64.Build.0 = Debug|x64
		{EAFB7027-A859-4E54-A182-B9C17CA557B7}.Debug|x86.ActiveCfg = Debug|Win32
		{EAFB7027-A859-4E54-A182-B9C17CA557B7}.Debug|x86.Build.0 = Debug|Win32
		{EAFB7027-A859-4E54-A182-B9C17CA557B7}.Release|x64.ActiveCfg = Release|x64
		{EAFB7027-A859-4E54-A182-B9C17CA557B7}.Release|x64.Build.0 = Release|x64
		{EAFB7027-A859-4E54-A182-B9C17CA557B7}.Release|x86.ActiveCfg = Release|Win32
		{EAFB7027-A859-4E54-A182-B9C17CA557B7}.Release|x86.Build.0 = Release|Win32
		{69DC5F5B-FAEF-4B22-8588-BFBAF75F1A6D}.Debug|x64.ActiveCfg = Debug|x64
		{69DC5F5B-FAEF-4B22-8588-BFBAF75F1A6D}.Debug|x64.Build.0 = Debug|x64
		{69DC5F5B-FAEF-4B22-8588-BFBAF75F1A6D}.Debug|x86.ActiveCfg = Debug|Win32
		{69DC5F5B-FAEF-4B22-8588-BFBAF75F1A6D}.Debug|x86.Build.0 = Debug|Win32
		{69DC5F5B-FAEF-4B22-8588-BFBAF75F1A6D}.Release|x64.ActiveCfg = Release|x64
		{69DC5F5B-FAEF-4B22-8588-BFBAF75F1A6D}.Release|x64.Build.0 = Release|x64
		{69DC5F5B-FAEF-4B22-8588-BFBAF75F1A6D}.Release|x86.ActiveCfg = Release|Win32
		{69DC5F5B-FAEF-4B22-8588-BFBAF75F1A6D}.Release|x86.Build.0 = Release|Win32
		{B65C6564-EE2A-44D2-AC8A-C6AD0ECDB4BD}.Debug|x64.ActiveCfg = Debug|x64
		{B65C6564-EE2A-44D2-AC8A-C6AD0ECDB4BD}.Debug|x64.Build.0 = Debug|x64
		{B65C6564-EE2A-44D2-AC8A-C6AD0ECDB4BD}.Debug|x86.ActiveCfg = Debug|Win32
		{B65C6564-EE2A-44D2-AC8A-C6AD0ECDB4BD}.Debug|x86.Build.0 = Debug|Win32
		{B65C6564-EE2A-44D2-AC8A-C6AD0ECDB4BD}.Release|x64.ActiveCfg = Release|x64
		{B65C6564-EE2A-44D2-AC8A-C6AD0ECDB4BD}.Release|x64.Build.0 = Release|x64
		{B65C6564-EE2A-44D2-AC8A-C6AD0ECDB4BD}.Release|x86.ActiveCfg = Release|Win32
		{B65C6564-EE2A-44D2-AC8A-C6AD0ECDB4BD}.Release|x86.Build.0 = Release|Win32
		{C74E48F8-9147-405D-95B3-256B7E12EC74}.Debug|x64.ActiveCfg = Debug|x64
		{C74E48F8-9147-405D-95B3-256B7E12EC74}.Debug|x64.Build.0 = Debug|x64
		{C74E48F8-9147-405D-95B3-256B7E12EC74}.Debug|x86.ActiveCfg = Debug|Win32
		{C74E48F8-9147-405D-95B3-256B7E12EC74}.Debug|x86.Build.0 = Debug|Win32
		{C74E48F8-9147-405D-95B3-256B7E12EC74}.Release|x64.ActiveCfg = Release|x64
		{C74E48F8-9147-405D-95B3-256B7E12EC74}.Release|x64.Build.0 = Release|x64
		{C74E48F8-9147-405D-95B3-256B7E12EC74}.Release|x86.ActiveCfg = Release|Win32
		{C74E48F8-9147-405D-95B3-256B7E12EC74}.Release|x86.Build.0 = Release|Win32
		{A6FBA3CB-75C6-460A-A4FD-AA76D595EC72}.Debug|x64.ActiveCfg = Debug|x64
		{A6FBA3CB-75C6-460A-A4FD-AA76D595EC72}.Debug|x64.Build.0 = Debug|x64
		{A6FBA3CB-75C6-460A-A4FD-AA76D595EC72}.Debug|x86.ActiveCfg = Debug|Win32
		{A6FBA3CB-75C6-460A-A4FD-AA76D595EC72}.Debug|x86.Build.0 = Debug|Win32
		{A6FBA3CB-75C6-460A-A4FD-AA76D595EC72}.Release|x64.ActiveCfg = Release|x64
		{A6FBA3CB-75C6-460A-A4FD-AA76D595EC72}.Release|x64.Build.0 = Release|x64
		{A6FBA3CB-75C6-460A-A4FD-AA76D595EC72}.Release|x86.ActiveCfg = Release|Win32
		{A6FBA3CB-75C6-460A-A4FD-AA76D595EC72}.Release|x86.Build.0 = Release|Win32
		{B129D3F8-9236-41B3-8649-AC62D7CA3602}.Debug|x64.ActiveCfg = Debug|x64
		{B129D3F8-9236-41B3-8649-AC62D7CA3602}.Debug|x64.Build.0 = Debug|x64
		{B129D3F8-9236-41B3-8649-AC62D7CA3602}.Debug|x86.ActiveCfg = Debug|Win32
		{B129D3F8-9236-41B3-8649-AC62D7CA3602}.Debug|x86.Build.0 = Debug|Win32
		{B129D3F8-9236-41B3-8649-AC62D7CA3602}.Release|x64.ActiveCfg = Release|x64
		{B129D3F8-9236-41B3-8649-AC62D7CA3602}.Release|x64.Build.0 = Release|x64
		{B129D3F8-9236-41B3-8649-AC62D7CA3602}.Release|x86.ActiveCfg = Release|Win32
		{B129D3F8-9236-41B3-8649-AC62D7CA3602}.Release|x86.Build.0 = Release|Win32
		{D96C0242-1017-4162-982D-2032CFC1ED81}.Debug|x64.ActiveCfg = Debug|x64
		{D96C0242-1017-4162-982D-2032CFC1ED81}.Debug|x64.Build.0 = Debug|x64
		{D96C0242-1017-4162-982D-2032CFC1ED81}.Debug|x86.ActiveCfg = Debug|Win32
		{D96C0242-1017-4162-982D-2032CFC1ED81}.Debug|x86.Build.0 = Debug|Win32
		{D96C0242-1017-4162-982D-2032CFC1ED81}.Release|x64.ActiveCfg = Release|x64
		{D96C0242-1017-4162-982D-2032CFC1ED81}.Release|x64.Build.0 = Release|x64
		{D96C0242-1017-4162-982D-2032CFC1ED81}.Release|x86.ActiveCfg = Release|Win32
		{D96C0242-1017-4162-982D-2032CFC1ED81}.Release|x86.Build.0 = Release|Win32
		{9C242534-4409-476F-85D4-2AA8EDD258FF}.Debug|x64.ActiveCfg = Debug|x64
		{9C242534-4409-476F-85D4-2AA8EDD258FF}.Debug|x64.Build.0 = Debug|x64
		{9C242534-4409-476F-85D4-2AA8EDD258FF}.Debug|x86.ActiveCfg = Debug|Win32
		{9C242534-4409-476F-85D4-2AA8EDD258FF}.Debug|x86.Build.0 = Debug|Win32
		{9C242534-4409-476F-85D4-2AA8EDD258FF}.Release|x64.ActiveCfg = Release|x64
		{9C242534-4409-476F-85D4-2AA8EDD258FF}.Release|x64.Build.0 = Release|x64
		{9C242534-4409-476F-85D4-2AA8EDD258FF}.Release|x86.ActiveCfg = Release|Win32
		{9C242534-4409-476F-85D4-2AA8EDD258FF}.Release|x86.Build.0 = Release|Win32
		{1A043B6D-CEE6-410D-9C23-3B2DDCBC05BB}.Debug|x64.ActiveCfg = Debug|x64
		{1A043B6D-CEE6-410D-9C23-3B2DDCBC05BB}.Debug|x64.Build.0 = Debug|x64
		{1A043B6D-CEE6-410D-9C23-3B2DDCBC05BB}.Debug|x86.ActiveCfg = Debug|Win32
		{1A043B6D-CEE6-410D-9C23-3B2DDCBC05BB}.Debug|x86.Build.0 = Debug|Win32
		{1A043B6D-CEE6-410D-9C23-3B2DDCBC05BB}.Release|x64.ActiveCfg = Release|x64
		{1A043B6D-CEE6-410D-9C23-3B2DDCBC05BB}.Release|x64.Build.0 = Release|x64
		{1A043B6D-CEE6-410D-9C23-3B2DDCBC05BB}.Release|x86.ActiveCfg = Release|Win32
		{1A043B6D-CEE6-410D-9C23-3B2DDCBC05BB}.Release|x86.Build.0 = Release|Win32
		{B5AB6BE9-346E-4A84-B7E8-7715699BCBDC}.Debug|x64.ActiveCfg = Debug|x64
		{B5AB6BE9-346E-4A84-B7E8-7715699BCBDC}.Debug|x64.Build.0 = Debug|x64
		{B5AB6BE9-346E-4A84-B7E8-7715699BCBDC}.Debug|x86.ActiveCfg = Debug|Win32
		{B5AB6BE9-346E-4A84-B7E8-7715699BCBDC}.Debug|x86.Build.0 = Debug|Win32
		{B5AB6BE9-346E-4A84-B7E8-7715699BCBDC}.Release|x64.ActiveCfg = Release|x64
		{B5AB6BE9-346E-4A84-B7E8-7715699BCBDC}.Release|x64.Build.0 = Release|x64
		{B5AB6BE9-346E-4A84-B7E8-7715699BCBDC}.Release|x86.ActiveCfg = Release|Win32
		{B5AB6BE9-346E-4A84-B7E8-7715699BCBDC}.Release|x86.Build.0 = Release|Win32
		{8C8105A1-021F-43E0-93CF-0E85D72E059C}.Debug|x64.ActiveCfg = Debug|x64
		{8C8105A1-021F-43E0-93CF-0E85D72E059C}.Debug|x64.Build.0 = Debug|x64
		{8C8105A1-021F-43E0-93CF-0E85D72E059C}.Debug|x86.ActiveCfg = Debug|Win32
		{8C8105A1-021F-43E0-93CF-0E85D72E059C}.Debug|x86.Build.0 = Debug|Win32
		{8C8105A1-021F-43E0-93CF-0E85D72E059C}.Release|x64.ActiveCfg = Release|x64
		{8C8105A1-021F-43E0-93CF-0E85D72E059C}.Release|x64.Build.0 = Release|x64
		{8C8105A1-021F-43E0-93CF-0E85D72E059C}.Release|x86.ActiveCfg = Release|Win32
		{8C8105A1-021F-43E0-93CF-0E85D72E059C}.Release|x86.Build.0 = Release|Win32
		{BA52872B-30B9-47C5-BE9A-3F335BAE97C4}.Debug|x64.ActiveCfg = Debug|x64
		{BA52872B-30B9-47C5-BE9A-3F335BAE97C4}.Debug|x64.Build.0 = Debug|x64
		{BA52872B-30B9-47C5-BE9A-3F335BAE97C4}.Debug|x86.ActiveCfg = Debug|Win32
		{BA52872B-30B9-47C5-BE9A-3F335BAE97C4}.Debug|x86.Build.0 = Debug|Win32
		{BA52872B-30B9-47C5-BE9A-3F335BAE97C4}.Release|x64.ActiveCfg = Release|x64
		{BA52872B-30B9-47C5-BE9A-3F335BAE97C4}.Release|x64.Build.0 = Release|x64
		{BA52872B-30B9-47C5-BE9A-3F335BAE97C4}.Release|x86.ActiveCfg = Release|Win32
		{BA52872B-30B9-47C5-BE9A-3F335BAE97C4}.Release|x86.Build.0 = Release|Win32
		{436E680F-17CB-4598-BDE4-CFF2579E119F}.Debug|x64.ActiveCfg = Debug|x64
		{436E680F-17CB-4598-BDE4-CFF2579E119F}.Debug|x64.Build.0 = Debug|x64
		{436E680F-17CB-4598-BDE4-CFF2579E119F}.Debug|x86.ActiveCfg = Debug|Win32
		{436E680F-17CB-4598-BDE4-CFF2579E119F}.Debug|x86.Build.0 = Debug|Win32
		{436E680F-17CB-4598-BDE4-CFF2579E119F}.Release|x64.ActiveCfg = Release|x64
		{436E680F-17CB-4598-BDE4-CFF2579E119F}.Release|x64.Build.0 = Release|x64
		{436E680F-17CB-4598-BDE4-CFF2579E119F}.Release|x86.ActiveCfg = Release|Win32
		{436E680F-17CB-4598-BDE4-CFF2579E119F}.Release|x86.Build.0 = Release|Win32
		{39B31832-6512-47EF-BC61-CA30E1D3E631}.Debug|x64.ActiveCfg = Debug|x64
		{39B31832-6512-47EF-BC61-CA30E1D3E631}.Debug|x64.Build.0 = Debug|x64
		{39B31832-6512-47EF-BC61-CA30E1D3E631}.Debug|x86.ActiveCfg = Debug|Win32
		{39B31832-6512-47EF-BC61-CA30E1D3E631}.Debug|x86.Build.0 = Debug|Win32
		{39B31832-6512-47EF-BC61-CA30E1D3E631}.Release|x64.ActiveCfg = Release|x64
		{39B31832-6512-47EF-BC61-CA30E1D3E631}.Release|x64.Build.0 = Release|x64
		{39B31832-6512-47EF-BC61-CA30E1D3E631}.Release|x86.ActiveCfg = Release|Win32
		{39B31832-6512-47EF-BC61-CA30E1D3E631}.Release|x86.Build.0 = Release|Win32
		{A4CE86E5-F8DA-465A-8A64-9A9A61440E2D}.Debug|x64.ActiveCfg = Debug|x64
		{A4CE86E5-F8DA-465A-8A64-9A9A61440E2D}.Debug|x64.Build.0 = Debug|x64
		{A4CE86E5-F8DA-465A-8A64-9A9A61440E2D}.Debug|x86.ActiveCfg = Debug|Win32
		{A4CE86E5-F8DA-465A-8A64-9A9A61440E2D}.Debug|x86.Build.0 = Debug|Win32
		{A4CE86E5-F8DA-465A-8A64-9A9A61440E2D}.Release|x64.ActiveCfg = Release|x64
		{A4CE86E5-F8DA-465A-8A64-9A9A61440E2D}.Release|x64.Build.0 = Release|x64
		{A4CE86E5-F8DA-465A-8A64-9A9A61440E2D}.Release|x86.ActiveCfg = Release|Win32
		{A4CE86E5-F8DA-465A-8A64-9A9A61440E2D}.Release|x86.Build.0 = Release|Win32
		{012D44CC-AB2C-470D-A577-3B1DC01BB9D1}.Debug|x64.ActiveCfg = Debug|x64
		{012D44CC-AB2C-470D-A577-3B1DC01BB9D1}.Debug|x64.Build.0 = Debug|x64
		{012D44CC-AB2C-470D-A577-3B1DC01BB9D1}.Debug|x86.ActiveCfg = Debug|Win32
		{012D44CC-AB2C-470D-A577-3B1DC01BB9D1}.Debug|x86.Build.0 = Debug|Win32
		{012D44CC-AB2C-470D-A577-3B1DC01BB9D1}.Release|x64.ActiveCfg = Release|x64
		{012D44CC-AB2C-470D-A577-3B1DC01BB9D1}.Release|x64.Build.0 = Release|x64
		{012D44CC-AB2C-470D-A577-3B1DC01BB9D1}.Release|x86.ActiveCfg = Release|Win32
		{012D44CC-AB2C-470D-A577-3B1DC01BB9D1}.Release|x86.Build.0 = Release|Win32
		{478AC6F8-743A-4E8C-9350-D98B77FA3514}.Debug|x64.ActiveCfg = Debug|x64
		{478AC6F8-743A-4E8C-9350-D98B77FA3514}.Debug|x64.Build.0 = Debug|x64
		{478AC6F8-743A-4E8C-9350-D98B77FA3514}.Debug|x86.ActiveCfg = Debug|Win32
		{478AC6F8-743A-4E8C-9350-D98B77FA3514}.Debug|x86.Build.0 = Debug|Win32
		{478AC6F8-743A-4E8C-9350-D98B77FA3514}.Release|x64.ActiveCfg = Release|x64
		{478AC6F8-743A-4E8C-9350-D98B77FA3514}.Release|x64.Build.0 = Release|x64
		{478AC6F8-743A-4E8C-9350-D98B77FA3514}.Release|x86.ActiveCfg = Release|Win32
		{478AC6F8-743A-4E8C-9350-D98B77FA3514}.Release|x86.Build.0 = Release|Win32
		{51DA4E96-C04D-43BB-92F2-45963D420F9E}.Debug|x64.ActiveCfg = Debug|x64
		{51DA4E96-C04D-43BB-92F2-45963D420F9E}.Debug|x64.Build.0 = Debug|x64
		{51DA4E96-C04D-43BB-92F2-45963D420F9E}.Debug|x86.ActiveCfg = Debug|Win32
		{51DA4E96-C04D-43BB-92F2-45963D420F9E}.Debug|x86.Build.0 = Debug|Win32
		{51DA4E96-C04D-43BB-92F2-45963D420F9E}.Release|x64.ActiveCfg = Release|x64
		{51DA4E96-C04D-43BB-92F2-45963D420F9E}.Release|x64.Build.0 = Release|x64
		{51DA4E96-C04D-43BB-92F2-45963D420F9E}.Release|x86.ActiveCfg = Release|Win32
		{51DA4E96-C04D-43BB-92F2-45963D420F9E}.Release|x86.Build.0 = Release|Win32
		{B0CAE68B-51F6-4C06-BDBD-EF89CD6EC4EC}.Debug|x64.ActiveCfg = Debug|x64
		{B0CAE68B-51F6-4C06-BDBD-EF89CD6EC4EC}.Debug|x64.Build.0 = Debug|x64
		{B0CAE68B-51F6-4C06-BDBD-EF89CD6EC4EC}.Debug|x86.ActiveCfg = Debug|Win32
		{B0CAE68B-51F6-4C06-BDBD-EF89CD6EC4EC}.Debug|x86.Build.0 = Debug|Win32
		{B0CAE68B-51F6-4C06-BDBD-EF89CD6EC4EC}.Release|x64.ActiveCfg = Release|x64
		{B0CAE68B-51F6-4C06-BDBD-EF89CD6EC4EC}.Release|x64.Build.0 = Release|x64
		{B0CAE68B-51F6-4C06-BDBD-EF89CD6EC4EC}.Release|x86.ActiveCfg = Release|Win32
		{B0CAE68B-51F6-4C06-BDBD-EF89CD6EC4EC}.Release|x86.Build.0 = Release|Win32
		{8D4C551F-68D6-4D17-8E06-20839A7E6EFF}.Debug|x64.ActiveCfg = Debug|x64
		{8D4C551F-68D6-4D17-8E06-20839A7E6EFF}.Debug|x64.Build.0 = Debug|x64
		{8D4C551F-68D6-4D17-8E06-20839A7E6EFF}.Debug|x86.ActiveCfg = Debug|Win32
		{8D4C551F-68D6-4D17-8E06-20839A7E6EFF}.Debug|x86.Build.0 = Debug|Win32
		{8D4C551F-68D6-4D17-8E06-20839A7E6EFF}.Release|x64.ActiveCfg = Release|x64
		{8D4C551F-68D6-4D17-8E06-20839A7E6EFF}.Release|x64.Build.0 = Release|x64
		{8D4C551F-68D6-4D17-8E06-20839A7E6EFF}.Release|x86.ActiveCfg = Release|Win32
		{8D4C551F-68D6-4D17-8E06-20839A7E6EFF}.Release|x86.Build.0 = Release|Win32
		{038C736F-E061-4357-82D4-B648B2FA35F3}.Debug|x64.ActiveCfg = Debug|x64
		{038C736F-E061-4357-82D4-B648B2FA35F3}.Debug|x64.Build.0 = Debug|x64
		{038C736F-E061-4357-82D4-B648B2FA35F3}.Debug|x86.ActiveCfg = Debug|Win32
		{038C736F-E061-4357-82D4-B648B2FA35F3}.Debug|x86.Build.0 = Debug|Win32
		{038C736F-E061-4357-82D4-B648B2FA35F3}.Release|x64.ActiveCfg = Release|x64
		{038C736F-E061-4357-82D4-B648B2FA35F3}.Release|x64.Build.0 = Release|x64
		{038C736F-E061-4357-82D4-B648B2FA35F3}.Release|x86.ActiveCfg = Release|Win32
		{038C736F-E061-4357-82D4-B648B2FA35F3}.Release|x86.Build.0 = Release|Win32
		{5A19A360-1D99-42D9-95B6-3B56A1A2C3E4}.Debug|x64.ActiveCfg = Debug|x64
		{5A19A360-1D99-42D9-95B6-3B56A1A2C3E4}.Debug|x64.Build.0 = Debug|x64
		{5A19A360-1D99-42D9-95B6-3B56A1A2C3E4}.Debug|x86.ActiveCfg = Debug|Win32
		{5A19A360-1D99-42D9-95B6-3B56A1A2C3E4}.Debug|x86.Build.0 = Debug|Win32
		{5A19A360-1D99-42D9-95B6-3B56A1A2C3E4}.Release|x64.ActiveCfg = Release|x64
		{5A19A360-1D99-42D9-95B6-3B56A1A2C3E4}.Release|x64.Build.0 = Release|x64
		{5A19A360-1D99-42D9-95B6-3B56A1A2C3E4}.Release|x86.ActiveCfg = Release|Win32
		{5A19A360-1D99-42D9-95B6-3B56A1A2C3E4}.Release|x86.Build.0 = Release|Win32
		{6DB5E615-F465-4439-B608-9B11B42DA74E}.Debug|x64.ActiveCfg = Debug|x64
		{6DB5E615-F465-4439-B608-9B11B42DA74E}.Debug|x64.Build.0 = Debug|x64
		{6DB5E615-F465-4439-B608-9B11B42DA74E}.Debug|x86.ActiveCfg = Debug|Win32
		{6DB5E615-F465-4439-B608-9B11B42DA74E}.Debug|x86.Build.0 = Debug|Win32
		{6DB5E615-F465-4439-B608-9B11B42DA74E}.Release|x64.ActiveCfg = Release|x64
		{6DB5E615-F465-4439-B608-9B11B42DA74E}.Release|x64.Build.0 = Release|x64
		{6DB5E615-F465-4439-B608-9B11B42DA74E}.Release|x86.ActiveCfg = Release|Win32
		{6DB5E615-F465-4439-B608-9B11B42DA74E}.Release|x86.Build.0 = Release|Win32
		{B1C09BA8-5977-4D79-AC2E-B9F43E90FED3}.Debug|x64.ActiveCfg = Debug|x64
		{B1C09BA8-5977-4D79-AC2E-B9F43E90FED3}.Debug|x64.Build.0 = Debug|x64
		{B1C09BA8-5977-4D79-AC2E-B9F43E90FED3}.Debug|x86.ActiveCfg = Debug|Win32
		{B1C09BA8-5977-4D79-AC2E-B9F43E90FED3}.Debug|x86.Build.0 = Debug|Win32
		{B1C09BA8-5977-4D79-AC2E-B9F43E90FED3}.Release|x64.ActiveCfg = Release|x64
		{B1C09BA8-5977-4D79-AC2E-B9F43E90FED3}.Release|x64.Build.0 = Release|x64
		{B1C09BA8-5977-4D79-AC2E-B9F43E90FED3}.Release|x86.ActiveCfg = Release|Win32
		{B1C09BA8-5977-4D79-AC2E-B9F43E90FED3}.Release|x86.Build.0 = Release|Win32
		{551D5ABD-8FDD-442E-BFBC-FE504175EDA2}.Debug|x64.ActiveCfg = Debug|x64
		{551D5ABD-8FDD-442E-BFBC-FE504175EDA2}.Debug|x64.Build.0 = Debug|x64
		{551D5ABD-8FDD-442E-BFBC-FE504175EDA2}.Debug|x86.ActiveCfg = Debug|Win32
		{551D5ABD-8FDD-442E-BFBC-FE504175EDA2}.Debug|x86.Build.0 = Debug|Win32
		{551D5ABD-8FDD-442E-BFBC-FE504175EDA2}.Release|x64.ActiveCfg = Release|x64
		{551D5ABD-8FDD-442E-BFBC-FE504175EDA2}.Release|x64.Build.0 = Release|x64
		{551D5ABD-8FDD-442E-BFBC-FE504175EDA2}.Release|x86.ActiveCfg = Release|Win32
		{551D5ABD-8FDD-442E-BFBC-FE504175EDA2}.Release|x86.Build.0 = Release|Win32
		{86992E7E-C310-4205-A4C0-16008D1F62A2}.Debug|x64.ActiveCfg = Debug|x64
		{86992E7E-C310-4205-A4C0-16008D1F62A2}.Debug|x64.Build.0 = Debug|x64
		{86992E7E-C310-4205-A4C0-16008D1F62A2}.Debug|x86.ActiveCfg = Debug|Win32
		{86992E7E-C310-4205-A4C0-16008D1F62A2}.Debug|x86.Build.0 = Debug|Win32
		{86992E7E-C310-4205-A4C0-16008D1F62A2}.Release|x64.ActiveCfg = Release|x64
		{86992E7E-C310-4205-A4C0-16008D1F62A2}.Release|x64.Build.0 = Release|x64
		{86992E7E-C310-4205-A4C0-16008D1F62A2}.Release|x86.ActiveCfg = Release|Win32
		{86992E7E-C310-4205-A4C0-16008D1F62A2}.Release|x86.Build.0 = Release|Win32
		{FDD2DFE9-E3A9-4ED9-8D90-70AE1585AB84}.Debug|x64.ActiveCfg = Debug|x64
		{FDD2DFE9-E3A9-4ED9-8D90-70AE1585AB84}.Debug|x64.Build.0 = Debug|x64
		{FDD2DFE9-E3A9-4ED9-8D90-70AE1585AB84}.Debug|x86.ActiveCfg = Debug|Win32
		{FDD2DFE9-E3A9-4ED9-8D90-70AE1585AB84}.Debug|x86.Build.0 = Debug|Win32
		{FDD2DFE9-E3A9-4ED9-8D90-70AE1585AB84}.Release|x64.ActiveCfg = Release|x64
		{FDD2DFE9-E3A9-4ED9-8D90-70AE1585AB84}.Release|x64.Build.0 = Release|x64
		{FDD2DFE9-E3A9-4ED9-8D90-70AE1585AB84}.Release|x86.ActiveCfg = Release|Win32
		{FDD2DFE9-E3A9-4ED9-8D90-70AE1585AB84}.Release|x86.Build.0 = Release|Win32
		{646AEDE5-18B7-4630-B2C8-316EBAFB7815}.Debug|x64.ActiveCfg = Debug|x64
		{646AEDE5-18B7-4630-B2C8-316EBAFB7815}.Debug|x64.Build.0 = Debug|x64
		{646AEDE5-18B7-4630-B2C8-316EBAFB7815}.Debug|x86.ActiveCfg = Debug|Win32
		{646AEDE5-18B7-4630-B2C8-316EBAFB7815}.Debug|x86.Build.0 = Debug|Win32
		{646AEDE5-18B7-4630-B2C8-316EBAFB7815}.Release|x64.ActiveCfg = Release|x64
		{646AEDE5-18B7-4630-B2C8-316EBAFB7815}.Release|x64.Build.0 = Release|x64
		{646AEDE5-18B7-4630-B2C8-316EBAFB7815}.Release|x86.ActiveCfg = Release|Win32
		{646AEDE5-18B7-4630-B2C8-316EBAFB7815}.Release|x86.Build.0 = Release|Win32
		{92B52A59-8C97-4DBC-AA5A-BAABD9E67D7A}.Debug|x64.ActiveCfg = Debug|x64
		{92B52A59-8C97-4DBC-AA5A-BAABD9E67D7A}.Debug|x64.Build.0 = Debug|x64
		{92B52A59-8C97-4DBC-AA5A-BAABD9E67D7A}.Debug|x86.ActiveCfg = Debug|Win32
		{92B52A59-8C97-4DBC-AA5A-BAABD9E67D7A}.Debug|x86.Build.0 = Debug|Win32
		{92B52A59-8C97-4DBC-AA5A-BAABD9E67D7A}.Release|x64.ActiveCfg = Release|x64
		{92B52A59-8C97-4DBC-AA5A-BAABD9E67D7A}.Release|x64.Build.0 = Release|x64
		{92B52A59-8C97-4DBC-AA5A-BAABD9E67D7A}.Release|x86.ActiveCfg = Release|Win32
		{92B52A59-8C97-4DBC-AA5A-BAABD9E67D7A}.Release|x86.Build.0 = Release|Win32
		{D4407DDE-F4C1-411D-85C9-0E9BFA64D145}.Debug|x64.ActiveCfg = Debug|x64
		{D4407DDE-F4C1-411D-85C9-0E9BFA64D145}.Debug|x64.Build.0 = Debug|x64
		{D4407DDE-F4C1-411D-85C9-0E9BFA64D145}.Debug|x86.ActiveCfg = Debug|Win32
		{D4407DDE-F4C1-411D-85C9-0E9BFA64D145}.Debug|x86.Build.0 = Debug|Win32
		{D4407DDE-F4C1-411D-85C9-0E9BFA64D145}.Release|x64.ActiveCfg = Release|x64
		{D4407DDE-F4C1-411D-85C9-0E9BFA64D145}.Release|x64.Build.0 = Release|x64
		{D4407DDE-F4C1-411D-85C9-0E9BFA64D145}.Release|x86.ActiveCfg = Release|Win32
		{D4407DDE-F4C1-411D-85C9-0E9BFA64D145}.Release|x86.Build.0 = Release|Win32
	EndGlobalSection
	GlobalSection(SolutionProperties) = preSolution
		HideSolutionNode = FALSE
	EndGlobalSection
	GlobalSection(NestedProjects) = preSolution
		{19A5C2BF-6CBD-4032-BD87-CFD9FD872CE3} = {B8E7FAB1-A56A-4B27-B4A2-D31BBB47CEC4}
		{E069DB58-9424-41A6-AFA0-04AC4B3717B7} = {B8E7FAB1-A56A-4B27-B4A2-D31BBB47CEC4}
		{3C371583-A5D3-4F5C-8675-CB0953E53F03} = {B8E7FAB1-A56A-4B27-B4A2-D31BBB47CEC4}
		{815A5CD6-E618-479F-B973-00087C774CF0} = {B8E7FAB1-A56A-4B27-B4A2-D31BBB47CEC4}
		{5AB79E93-FF76-4CA9-B603-EB379B798BA5} = {B8E7FAB1-A56A-4B27-B4A2-D31BBB47CEC4}
		{8935C625-7B34-403D-B946-F27B2771CEE9} = {B8E7FAB1-A56A-4B27-B4A2-D31BBB47CEC4}
		{59D9E98B-9D18-4943-9E6E-DEF7D1BA544A} = {B8E7FAB1-A56A-4B27-B4A2-D31BBB47CEC4}
		{C74E48F8-9147-405D-95B3-256B7E12EC74} = {B8E7FAB1-A56A-4B27-B4A2-D31BBB47CEC4}
	EndGlobalSection
	GlobalSection(ExtensibilityGlobals) = postSolution
		SolutionGuid = {496BA98B-701B-452D-BF0A-B0BD25B7C685}
	EndGlobalSection
EndGlobal
